# This file is automatically @generated by Cargo.
# It is not intended for manual editing.
version = 4

[[package]]
name = "bitflags"
version = "2.13.1"
source = "registry+https://github.com/rust-lang/crates.io-index"
checksum = "b588b76d00fde79687d7646a9b5bdf3cc0f655e0bbd080335a95d7e96f3587da"

[[package]]
name = "cecli"
version = "0.1.0"
dependencies = [
 "cecli-cil",
 "cecli-core",
 "cecli-metadata",
 "cecli-pe",
]

[[package]]
name = "cecli-cil"
version = "0.1.0"
dependencies = [
 "cecli-core",
]

[[package]]
name = "cecli-core"
version = "0.1.0"
dependencies = [
 "bitflags",
]

[[package]]
name = "cecli-mdb"
version = "0.1.0"
dependencies = [
 "cecli-core",
]

[[package]]
name = "cecli-metadata"
version = "0.1.0"
dependencies = [
 "cecli-core",
 "cecli-pe",
]

[[package]]
name = "cecli-pdb"
version = "0.1.0"
dependencies = [
 "cecli-cil",
 "cecli-core",
 "cecli-metadata",
]

[[package]]
name = "cecli-pe"
version = "0.1.0"
dependencies = [
 "bitflags",
 "cecli-core",
]

[[package]]
name = "cecli-rocks"
version = "0.1.0"
dependencies = [
 "cecli",
 "cecli-cil",
]
